
Microsoft Visual Studio Solution File, Format Version 12.00
# Visual Studio Version 17
VisualStudioVersion = 17.1.32228.430
MinimumVisualStudioVersion = 10.0.40219.1
Project("{9A19103F-16F7-4668-BE54-9A1E7A4F7556}") = "LibraryAPI", "LibraryAPI\LibraryAPI.csproj", "{884BBD80-4788-48B2-9FB7-4DC3A0F20DC5}"
	ProjectSection(ProjectDependencies) = postProject
		{0190B318-F68D-4F65-9071-C46C9F328A5A} = {0190B318-F68D-4F65-9071-C46C9F328A5A}
		{0DC98A5B-F4CC-456B-8FAB-9FDC7292CB72} = {0DC98A5B-F4CC-456B-8FAB-9FDC7292CB72}
	EndProjectSection
EndProject
Project("{9A19103F-16F7-4668-BE54-9A1E7A4F7556}") = "Library.Models", "Library.Models\Library.Models.csproj", "{0190B318-F68D-4F65-9071-C46C9F328A5A}"
EndProject
Project("{9A19103F-16F7-4668-BE54-9A1E7A4F7556}") = "Library.Repository", "Library.Repository\Library.Repository.csproj", "{0DC98A5B-F4CC-456B-8FAB-9FDC7292CB72}"
EndProject
Project("{9A19103F-16F7-4668-BE54-9A1E7A4F7556}") = "Library.MenuBot", "Library.MenuBot\Library.MenuBot.csproj", "{44314A72-8A63-4224-B75C-A7098C7E3250}"
EndProject
Project("{9A19103F-16F7-4668-BE54-9A1E7A4F7556}") = "Library.TestBot", "Library.TestBot\Library.TestBot.csproj", "{EEC67FED-4523-4012-AF5B-C13E338DF34D}"
EndProject
Project("{FAE04EC0-301F-11D3-BF4B-00C04F79EFBC}") = "Library.Shared", "Library.Shared\Library.Shared.csproj", "{72502644-933D-43F2-BCCD-5DD31CD6E2E3}"
EndProject
Global
	GlobalSection(SolutionConfigurationPlatforms) = preSolution
		Debug|Any CPU = Debug|Any CPU
		Release|Any CPU = Release|Any CPU
	EndGlobalSection
	GlobalSection(ProjectConfigurationPlatforms) = postSolution
		{884BBD80-4788-48B2-9FB7-4DC3A0F20DC5}.Debug|Any CPU.ActiveCfg = Debug|Any CPU
		{884BBD80-4788-48B2-9FB7-4DC3A0F20DC5}.Debug|Any CPU.Build.0 = Debug|Any CPU
		{884BBD80-4788-48B2-9FB7-4DC3A0F20DC5}.Release|Any CPU.ActiveCfg = Release|Any CPU
		{884BBD80-4788-48B2-9FB7-4DC3A0F20DC5}.Release|Any CPU.Build.0 = Release|Any CPU
		{0190B318-F68D-4F65-9071-C46C9F328A5A}.Debug|Any CPU.ActiveCfg = Debug|Any CPU
		{0190B318-F68D-4F65-9071-C46C9F328A5A}.Debug|Any CPU.Build.0 = Debug|Any CPU
		{0190B318-F68D-4F65-9071-C46C9F328A5A}.Release|Any CPU.ActiveCfg = Release|Any CPU
		{0190B318-F68D-4F65-9071-C46C9F328A5A}.Release|Any CPU.Build.0 = Release|Any CPU
		{0DC98A5B-F4CC-456B-8FAB-9FDC7292CB72}.Debug|Any CPU.ActiveCfg = Debug|Any CPU
		{0DC98A5B-F4CC-456B-8FAB-9FDC7292CB72}.Debug|Any CPU.Build.0 = Debug|Any CPU
		{0DC98A5B-F4CC-456B-8FAB-9FDC7292CB72}.Release|Any CPU.ActiveCfg = Release|Any CPU
		{0DC98A5B-F4CC-456B-8FAB-9FDC7292CB72}.Release|Any CPU.Build.0 = Release|Any CPU
		{44314A72-8A63-4224-B75C-A7098C7E3250}.Debug|Any CPU.ActiveCfg = Debug|Any CPU
		{44314A72-8A63-4224-B75C-A7098C7E3250}.Debug|Any CPU.Build.0 = Debug|Any CPU
		{44314A72-8A63-4224-B75C-A7098C7E3250}.Release|Any CPU.ActiveCfg = Release|Any CPU
		{44314A72-8A63-4224-B75C-A7098C7E3250}.Release|Any CPU.Build.0 = Release|Any CPU
		{EEC67FED-4523-4012-AF5B-C13E338DF34D}.Debug|Any CPU.ActiveCfg = Debug|Any CPU
		{EEC67FED-4523-4012-AF5B-C13E338DF34D}.Debug|Any CPU.Build.0 = Debug|Any CPU
		{EEC67FED-4523-4012-AF5B-C13E338DF34D}.Release|Any CPU.ActiveCfg = Release|Any CPU
		{EEC67FED-4523-4012-AF5B-C13E338DF34D}.Release|Any CPU.Build.0 = Release|Any CPU
		{72502644-933D-43F2-BCCD-5DD31CD6E2E3}.Debug|Any CPU.ActiveCfg = Debug|Any CPU
		{72502644-933D-43F2-BCCD-5DD31CD6E2E3}.Debug|Any CPU.Build.0 = Debug|Any CPU
		{72502644-933D-43F2-BCCD-5DD31CD6E2E3}.Release|Any CPU.ActiveCfg = Release|Any CPU
		{72502644-933D-43F2-BCCD-5DD31CD6E2E3}.Release|Any CPU.Build.0 = Release|Any CPU
	EndGlobalSection
	GlobalSection(SolutionProperties) = preSolution
		HideSolutionNode = FALSE
	EndGlobalSection
	GlobalSection(ExtensibilityGlobals) = postSolution
		SolutionGuid = {B235A5D3-F684-4FE1-AAB5-FC41D71ABD72}
	EndGlobalSection
EndGlobal
