
Microsoft Visual Studio Solution File, Format Version 12.00
# Visual Studio Version 17
VisualStudioVersion = 17.1.32228.430
MinimumVisualStudioVersion = 10.0.40219.1
Project("{FAE04EC0-301F-11D3-BF4B-00C04F79EFBC}") = "LibraryAPI", "LibraryAPI\LibraryAPI.csproj", "{884BBD80-4788-48B2-9FB7-4DC3A0F20DC5}"
EndProject
Global
	GlobalSection(SolutionConfigurationPlatforms) = preSolution
		Debug|Any CPU = Debug|Any CPU
		Release|Any CPU = Release|Any CPU
	EndGlobalSection
	GlobalSection(ProjectConfigurationPlatforms) = postSolution
		{884BBD80-4788-48B2-9FB7-4DC3A0F20DC5}.Debug|Any CPU.ActiveCfg = Debug|Any CPU
		{884BBD80-4788-48B2-9FB7-4DC3A0F20DC5}.Debug|Any CPU.Build.0 = Debug|Any CPU
		{884BBD80-4788-48B2-9FB7-4DC3A0F20DC5}.Release|Any CPU.ActiveCfg = Release|Any CPU
		{884BBD80-4788-48B2-9FB7-4DC3A0F20DC5}.Release|Any CPU.Build.0 = Release|Any CPU
	EndGlobalSection
	GlobalSection(SolutionProperties) = preSolution
		HideSolutionNode = FALSE
	EndGlobalSection
	GlobalSection(ExtensibilityGlobals) = postSolution
		SolutionGuid = {B235A5D3-F684-4FE1-AAB5-FC41D71ABD72}
	EndGlobalSection
EndGlobal
